
Microsoft Visual Studio Solution File, Format Version 12.00
# Visual Studio Version 17
VisualStudioVersion = 17.7.34024.191
MinimumVisualStudioVersion = 10.0.40219.1
Project("{2150E333-8FDC-42A3-9474-1A3956D46DE8}") = "Task0", "Task0", "{E85C556A-4241-4A54-B202-5ABA4133A679}"
EndProject
Project("{FAE04EC0-301F-11D3-BF4B-00C04F79EFBC}") = "Tyuiu.PolyantsevEI.Sprint2.Task0.V2", "Tyuiu.PolyantsevEI.Sprint2.Task0.V2\Tyuiu.PolyantsevEI.Sprint2.Task0.V2.csproj", "{F2ED53C7-1163-44CF-A8E1-85AAC2B4A1E4}"
EndProject
Project("{FAE04EC0-301F-11D3-BF4B-00C04F79EFBC}") = "Tyuiu.PolyantsevEI.Sprint2.Task0.V2.Lib", "Tyuiu.PolyantsevEI.Sprint2.Task0.V2.Lib\Tyuiu.PolyantsevEI.Sprint2.Task0.V2.Lib.csproj", "{046CD056-2052-4F9C-AA82-41E7DD8E3619}"
EndProject
Project("{FAE04EC0-301F-11D3-BF4B-00C04F79EFBC}") = "Tyuiu.PolyantsevEI.Sprint2.Task0.V2.Test", "Tyuiu.PolyantsevEI.Sprint2.Task0.V2.Test\Tyuiu.PolyantsevEI.Sprint2.Task0.V2.Test.csproj", "{E6A1AFBA-FD52-4B50-ACE3-CFB7F84A03F7}"
EndProject
Project("{2150E333-8FDC-42A3-9474-1A3956D46DE8}") = "Task1", "Task1", "{16FE6718-0D4F-47A6-99EB-43FB1A3C814A}"
EndProject
Project("{FAE04EC0-301F-11D3-BF4B-00C04F79EFBC}") = "Tyuiu.PolyantsevEI.Sprint2.Task1.V7", "Tyuiu.PolyantsevEI.Sprint2.Task1.V7\Tyuiu.PolyantsevEI.Sprint2.Task1.V7.csproj", "{C1F4B28B-EF03-4ACA-9A95-480DFFA61F56}"
EndProject
Project("{FAE04EC0-301F-11D3-BF4B-00C04F79EFBC}") = "Tyuiu.PolyantsevEI.Sprint2.Task1.V7.Lib", "Tyuiu.PolyantsevEI.Sprint2.Task1.V7.Lib\Tyuiu.PolyantsevEI.Sprint2.Task1.V7.Lib.csproj", "{7BFDB1E3-2DD8-4906-9E18-8EC6579C5448}"
EndProject
Project("{FAE04EC0-301F-11D3-BF4B-00C04F79EFBC}") = "Tyuiu.PolyantsevEI.Sprint2.Task1.V7.Test", "Tyuiu.PolyantsevEI.Sprint2.Task1.V7.Test\Tyuiu.PolyantsevEI.Sprint2.Task1.V7.Test.csproj", "{8D28B434-2038-455F-A8B9-E90B117D5FB3}"
EndProject
Global
	GlobalSection(SolutionConfigurationPlatforms) = preSolution
		Debug|Any CPU = Debug|Any CPU
		Release|Any CPU = Release|Any CPU
	EndGlobalSection
	GlobalSection(ProjectConfigurationPlatforms) = postSolution
		{F2ED53C7-1163-44CF-A8E1-85AAC2B4A1E4}.Debug|Any CPU.ActiveCfg = Debug|Any CPU
		{F2ED53C7-1163-44CF-A8E1-85AAC2B4A1E4}.Debug|Any CPU.Build.0 = Debug|Any CPU
		{F2ED53C7-1163-44CF-A8E1-85AAC2B4A1E4}.Release|Any CPU.ActiveCfg = Release|Any CPU
		{F2ED53C7-1163-44CF-A8E1-85AAC2B4A1E4}.Release|Any CPU.Build.0 = Release|Any CPU
		{046CD056-2052-4F9C-AA82-41E7DD8E3619}.Debug|Any CPU.ActiveCfg = Debug|Any CPU
		{046CD056-2052-4F9C-AA82-41E7DD8E3619}.Debug|Any CPU.Build.0 = Debug|Any CPU
		{046CD056-2052-4F9C-AA82-41E7DD8E3619}.Release|Any CPU.ActiveCfg = Release|Any CPU
		{046CD056-2052-4F9C-AA82-41E7DD8E3619}.Release|Any CPU.Build.0 = Release|Any CPU
		{E6A1AFBA-FD52-4B50-ACE3-CFB7F84A03F7}.Debug|Any CPU.ActiveCfg = Debug|Any CPU
		{E6A1AFBA-FD52-4B50-ACE3-CFB7F84A03F7}.Debug|Any CPU.Build.0 = Debug|Any CPU
		{E6A1AFBA-FD52-4B50-ACE3-CFB7F84A03F7}.Release|Any CPU.ActiveCfg = Release|Any CPU
		{E6A1AFBA-FD52-4B50-ACE3-CFB7F84A03F7}.Release|Any CPU.Build.0 = Release|Any CPU
		{C1F4B28B-EF03-4ACA-9A95-480DFFA61F56}.Debug|Any CPU.ActiveCfg = Debug|Any CPU
		{C1F4B28B-EF03-4ACA-9A95-480DFFA61F56}.Debug|Any CPU.Build.0 = Debug|Any CPU
		{C1F4B28B-EF03-4ACA-9A95-480DFFA61F56}.Release|Any CPU.ActiveCfg = Release|Any CPU
		{C1F4B28B-EF03-4ACA-9A95-480DFFA61F56}.Release|Any CPU.Build.0 = Release|Any CPU
		{7BFDB1E3-2DD8-4906-9E18-8EC6579C5448}.Debug|Any CPU.ActiveCfg = Debug|Any CPU
		{7BFDB1E3-2DD8-4906-9E18-8EC6579C5448}.Debug|Any CPU.Build.0 = Debug|Any CPU
		{7BFDB1E3-2DD8-4906-9E18-8EC6579C5448}.Release|Any CPU.ActiveCfg = Release|Any CPU
		{7BFDB1E3-2DD8-4906-9E18-8EC6579C5448}.Release|Any CPU.Build.0 = Release|Any CPU
		{8D28B434-2038-455F-A8B9-E90B117D5FB3}.Debug|Any CPU.ActiveCfg = Debug|Any CPU
		{8D28B434-2038-455F-A8B9-E90B117D5FB3}.Debug|Any CPU.Build.0 = Debug|Any CPU
		{8D28B434-2038-455F-A8B9-E90B117D5FB3}.Release|Any CPU.ActiveCfg = Release|Any CPU
		{8D28B434-2038-455F-A8B9-E90B117D5FB3}.Release|Any CPU.Build.0 = Release|Any CPU
	EndGlobalSection
	GlobalSection(SolutionProperties) = preSolution
		HideSolutionNode = FALSE
	EndGlobalSection
	GlobalSection(NestedProjects) = preSolution
		{F2ED53C7-1163-44CF-A8E1-85AAC2B4A1E4} = {E85C556A-4241-4A54-B202-5ABA4133A679}
		{046CD056-2052-4F9C-AA82-41E7DD8E3619} = {E85C556A-4241-4A54-B202-5ABA4133A679}
		{E6A1AFBA-FD52-4B50-ACE3-CFB7F84A03F7} = {E85C556A-4241-4A54-B202-5ABA4133A679}
		{C1F4B28B-EF03-4ACA-9A95-480DFFA61F56} = {16FE6718-0D4F-47A6-99EB-43FB1A3C814A}
		{7BFDB1E3-2DD8-4906-9E18-8EC6579C5448} = {16FE6718-0D4F-47A6-99EB-43FB1A3C814A}
		{8D28B434-2038-455F-A8B9-E90B117D5FB3} = {16FE6718-0D4F-47A6-99EB-43FB1A3C814A}
	EndGlobalSection
	GlobalSection(ExtensibilityGlobals) = postSolution
		SolutionGuid = {A75FAE71-9E55-41B3-AF1A-6B2DE6121A07}
	EndGlobalSection
EndGlobal
